
Microsoft Visual Studio Solution File, Format Version 12.00
# Visual Studio Version 16
VisualStudioVersion = 16.0.29728.190
MinimumVisualStudioVersion = 10.0.40219.1
Project("{FAE04EC0-301F-11D3-BF4B-00C04F79EFBC}") = "ProjectEuler", "ProjectEuler\ProjectEuler.csproj", "{6E226FC2-CB04-4C05-A513-3256FC3436E1}"
EndProject
Project("{FAE04EC0-301F-11D3-BF4B-00C04F79EFBC}") = "EulerLibrary", "EulerLibrary\EulerLibrary.csproj", "{856134C9-7526-461D-A646-860FA9529A12}"
EndProject
Project("{FAE04EC0-301F-11D3-BF4B-00C04F79EFBC}") = "ProjectEulerTests", "ProjectEulerTests\ProjectEulerTests.csproj", "{687FA771-5D3F-41BF-9C71-79713184851C}"
EndProject
Global
	GlobalSection(SolutionConfigurationPlatforms) = preSolution
		Debug|Any CPU = Debug|Any CPU
		Release|Any CPU = Release|Any CPU
	EndGlobalSection
	GlobalSection(ProjectConfigurationPlatforms) = postSolution
		{6E226FC2-CB04-4C05-A513-3256FC3436E1}.Debug|Any CPU.ActiveCfg = Debug|Any CPU
		{6E226FC2-CB04-4C05-A513-3256FC3436E1}.Debug|Any CPU.Build.0 = Debug|Any CPU
		{6E226FC2-CB04-4C05-A513-3256FC3436E1}.Release|Any CPU.ActiveCfg = Release|Any CPU
		{6E226FC2-CB04-4C05-A513-3256FC3436E1}.Release|Any CPU.Build.0 = Release|Any CPU
		{856134C9-7526-461D-A646-860FA9529A12}.Debug|Any CPU.ActiveCfg = Debug|Any CPU
		{856134C9-7526-461D-A646-860FA9529A12}.Debug|Any CPU.Build.0 = Debug|Any CPU
		{856134C9-7526-461D-A646-860FA9529A12}.Release|Any CPU.ActiveCfg = Release|Any CPU
		{856134C9-7526-461D-A646-860FA9529A12}.Release|Any CPU.Build.0 = Release|Any CPU
		{687FA771-5D3F-41BF-9C71-79713184851C}.Debug|Any CPU.ActiveCfg = Debug|Any CPU
		{687FA771-5D3F-41BF-9C71-79713184851C}.Debug|Any CPU.Build.0 = Debug|Any CPU
		{687FA771-5D3F-41BF-9C71-79713184851C}.Release|Any CPU.ActiveCfg = Release|Any CPU
		{687FA771-5D3F-41BF-9C71-79713184851C}.Release|Any CPU.Build.0 = Release|Any CPU
	EndGlobalSection
	GlobalSection(SolutionProperties) = preSolution
		HideSolutionNode = FALSE
	EndGlobalSection
	GlobalSection(ExtensibilityGlobals) = postSolution
		SolutionGuid = {601DC5FB-C187-4EAB-A44A-B9E8649AF154}
	EndGlobalSection
EndGlobal
